{
  "requires": true,
  "lockfileVersion": 1,
  "dependencies": {
    "@fortawesome/fontawesome-free": {
      "version": "5.12.1",
      "resolved": "https://registry.npmjs.org/@fortawesome/fontawesome-free/-/fontawesome-free-5.12.1.tgz",
      "integrity": "sha512-ZtjIIFplxncqxvogq148C3hBLQE+W3iJ8E4UvJ09zIJUgzwLcROsWwFDErVSXY2Plzao5J9KUYNHKHMEUYDMKw=="
    },
    "bootstrap": {
      "version": "4.4.1",
      "resolved": "https://registry.npmjs.org/bootstrap/-/bootstrap-4.4.1.tgz",
      "integrity": "sha512-tbx5cHubwE6e2ZG7nqM3g/FZ5PQEDMWmMGNrCUBVRPHXTJaH7CBDdsLeu3eCh3B1tzAxTnAbtmrzvWEvT2NNEA=="
    },
    "clip-path-polyfill": {
      "version": "1.0.0",
      "resolved": "https://registry.npmjs.org/clip-path-polyfill/-/clip-path-polyfill-1.0.0.tgz",
      "integrity": "sha512-uBtl1pu4URDEG7vMM4mN5klVPhgWSJDTxHGQa3tVg8GC9Z1EnumsbH5Ddg0KhULsEgfbh5xhlY010VSDk4ARJw=="
    },
    "universal-parallax": {
      "version": "1.3.2",
      "resolved": "https://registry.npmjs.org/universal-parallax/-/universal-parallax-1.3.2.tgz",
      "integrity": "sha512-Q0QfwwZQVqfOQ4i6/xklyfOfEduqzuEROkFdoJxJQrAWk8o9la9ZKxMmSkHRLpTabm0TUiTLezQ3+7kLsCmJrA=="
    }
  }
}
